// !$*UTF8*$!
{
	archiveVersion = 1;
	classes = {
	};
	objectVersion = 56;
	objects = {

/* Begin PBXBuildFile section */
		D4F8224D2A23BAA5004F9839 /* MoodMovieAppApp.swift in Sources */ = {isa = PBXBuildFile; fileRef = D4F8224C2A23BAA5004F9839 /* MoodMovieAppApp.swift */; };
		D4F8224F2A23BAA5004F9839 /* ContentView.swift in Sources */ = {isa = PBXBuildFile; fileRef = D4F8224E2A23BAA5004F9839 /* ContentView.swift */; };
		D4F822512A23BAA7004F9839 /* Assets.xcassets in Resources */ = {isa = PBXBuildFile; fileRef = D4F822502A23BAA7004F9839 /* Assets.xcassets */; };
		D4F822542A23BAA7004F9839 /* Preview Assets.xcassets in Resources */ = {isa = PBXBuildFile; fileRef = D4F822532A23BAA7004F9839 /* Preview Assets.xcassets */; };
		D4F8225E2A23BAA7004F9839 /* MoodMovieAppTests.swift in Sources */ = {isa = PBXBuildFile; fileRef = D4F8225D2A23BAA7004F9839 /* MoodMovieAppTests.swift */; };
		D4F822682A23BAA7004F9839 /* MoodMovieAppUITests.swift in Sources */ = {isa = PBXBuildFile; fileRef = D4F822672A23BAA7004F9839 /* MoodMovieAppUITests.swift */; };
		D4F8226A2A23BAA7004F9839 /* MoodMovieAppUITestsLaunchTests.swift in Sources */ = {isa = PBXBuildFile; fileRef = D4F822692A23BAA7004F9839 /* MoodMovieAppUITestsLaunchTests.swift */; };
		D4F822802A23BC44004F9839 /* LoginView.swift in Sources */ = {isa = PBXBuildFile; fileRef = D4F8227F2A23BC44004F9839 /* LoginView.swift */; };
		D4F822822A23BC7D004F9839 /* AuthViewModel.swift in Sources */ = {isa = PBXBuildFile; fileRef = D4F822812A23BC7D004F9839 /* AuthViewModel.swift */; };
		D4F822842A23BCDD004F9839 /* InputView.swift in Sources */ = {isa = PBXBuildFile; fileRef = D4F822832A23BCDD004F9839 /* InputView.swift */; };
		D4F822862A23BD5F004F9839 /* RegistrationView.swift in Sources */ = {isa = PBXBuildFile; fileRef = D4F822852A23BD5F004F9839 /* RegistrationView.swift */; };
		D4F822882A23BF2F004F9839 /* ProfileView.swift in Sources */ = {isa = PBXBuildFile; fileRef = D4F822872A23BF2F004F9839 /* ProfileView.swift */; };
		D4F8228C2A23C07B004F9839 /* SettingsRowView.swift in Sources */ = {isa = PBXBuildFile; fileRef = D4F8228B2A23C07B004F9839 /* SettingsRowView.swift */; };
		D4F8228E2A23C0D8004F9839 /* User.swift in Sources */ = {isa = PBXBuildFile; fileRef = D4F8228D2A23C0D8004F9839 /* User.swift */; };
		D4F822902A23CA03004F9839 /* GoogleService-Info.plist in Resources */ = {isa = PBXBuildFile; fileRef = D4F8228F2A23CA02004F9839 /* GoogleService-Info.plist */; };
		D4F822932A23CABB004F9839 /* FirebaseAuth in Frameworks */ = {isa = PBXBuildFile; productRef = D4F822922A23CABB004F9839 /* FirebaseAuth */; };
		D4F822952A23CABB004F9839 /* FirebaseFirestore in Frameworks */ = {isa = PBXBuildFile; productRef = D4F822942A23CABB004F9839 /* FirebaseFirestore */; };
		D4F822972A23CABB004F9839 /* FirebaseFirestoreSwift in Frameworks */ = {isa = PBXBuildFile; productRef = D4F822962A23CABB004F9839 /* FirebaseFirestoreSwift */; };
		D4F822992A23CABB004F9839 /* FirebaseStorage in Frameworks */ = {isa = PBXBuildFile; productRef = D4F822982A23CABB004F9839 /* FirebaseStorage */; };
/* End PBXBuildFile section */

/* Begin PBXContainerItemProxy section */
		D4F8225A2A23BAA7004F9839 /* PBXContainerItemProxy */ = {
			isa = PBXContainerItemProxy;
			containerPortal = D4F822412A23BAA4004F9839 /* Project object */;
			proxyType = 1;
			remoteGlobalIDString = D4F822482A23BAA4004F9839;
			remoteInfo = MoodMovieApp;
		};
		D4F822642A23BAA7004F9839 /* PBXContainerItemProxy */ = {
			isa = PBXContainerItemProxy;
			containerPortal = D4F822412A23BAA4004F9839 /* Project object */;
			proxyType = 1;
			remoteGlobalIDString = D4F822482A23BAA4004F9839;
			remoteInfo = MoodMovieApp;
		};
/* End PBXContainerItemProxy section */

/* Begin PBXFileReference section */
		D4F822492A23BAA4004F9839 /* MoodMovieApp.app */ = {isa = PBXFileReference; explicitFileType = wrapper.application; includeInIndex = 0; path = MoodMovieApp.app; sourceTree = BUILT_PRODUCTS_DIR; };
		D4F8224C2A23BAA5004F9839 /* MoodMovieAppApp.swift */ = {isa = PBXFileReference; lastKnownFileType = sourcecode.swift; path = MoodMovieAppApp.swift; sourceTree = "<group>"; };
		D4F8224E2A23BAA5004F9839 /* ContentView.swift */ = {isa = PBXFileReference; lastKnownFileType = sourcecode.swift; path = ContentView.swift; sourceTree = "<group>"; };
		D4F822502A23BAA7004F9839 /* Assets.xcassets */ = {isa = PBXFileReference; lastKnownFileType = folder.assetcatalog; path = Assets.xcassets; sourceTree = "<group>"; };
		D4F822532A23BAA7004F9839 /* Preview Assets.xcassets */ = {isa = PBXFileReference; lastKnownFileType = folder.assetcatalog; path = "Preview Assets.xcassets"; sourceTree = "<group>"; };
		D4F822592A23BAA7004F9839 /* MoodMovieAppTests.xctest */ = {isa = PBXFileReference; explicitFileType = wrapper.cfbundle; includeInIndex = 0; path = MoodMovieAppTests.xctest; sourceTree = BUILT_PRODUCTS_DIR; };
		D4F8225D2A23BAA7004F9839 /* MoodMovieAppTests.swift */ = {isa = PBXFileReference; lastKnownFileType = sourcecode.swift; path = MoodMovieAppTests.swift; sourceTree = "<group>"; };
		D4F822632A23BAA7004F9839 /* MoodMovieAppUITests.xctest */ = {isa = PBXFileReference; explicitFileType = wrapper.cfbundle; includeInIndex = 0; path = MoodMovieAppUITests.xctest; sourceTree = BUILT_PRODUCTS_DIR; };
		D4F822672A23BAA7004F9839 /* MoodMovieAppUITests.swift */ = {isa = PBXFileReference; lastKnownFileType = sourcecode.swift; path = MoodMovieAppUITests.swift; sourceTree = "<group>"; };
		D4F822692A23BAA7004F9839 /* MoodMovieAppUITestsLaunchTests.swift */ = {isa = PBXFileReference; lastKnownFileType = sourcecode.swift; path = MoodMovieAppUITestsLaunchTests.swift; sourceTree = "<group>"; };
		D4F8227F2A23BC44004F9839 /* LoginView.swift */ = {isa = PBXFileReference; lastKnownFileType = sourcecode.swift; path = LoginView.swift; sourceTree = "<group>"; };
		D4F822812A23BC7D004F9839 /* AuthViewModel.swift */ = {isa = PBXFileReference; lastKnownFileType = sourcecode.swift; path = AuthViewModel.swift; sourceTree = "<group>"; };
		D4F822832A23BCDD004F9839 /* InputView.swift */ = {isa = PBXFileReference; lastKnownFileType = sourcecode.swift; path = InputView.swift; sourceTree = "<group>"; };
		D4F822852A23BD5F004F9839 /* RegistrationView.swift */ = {isa = PBXFileReference; lastKnownFileType = sourcecode.swift; path = RegistrationView.swift; sourceTree = "<group>"; };
		D4F822872A23BF2F004F9839 /* ProfileView.swift */ = {isa = PBXFileReference; lastKnownFileType = sourcecode.swift; path = ProfileView.swift; sourceTree = "<group>"; };
		D4F8228B2A23C07B004F9839 /* SettingsRowView.swift */ = {isa = PBXFileReference; lastKnownFileType = sourcecode.swift; path = SettingsRowView.swift; sourceTree = "<group>"; };
		D4F8228D2A23C0D8004F9839 /* User.swift */ = {isa = PBXFileReference; lastKnownFileType = sourcecode.swift; path = User.swift; sourceTree = "<group>"; };
		D4F8228F2A23CA02004F9839 /* GoogleService-Info.plist */ = {isa = PBXFileReference; fileEncoding = 4; lastKnownFileType = text.plist.xml; path = "GoogleService-Info.plist"; sourceTree = "<group>"; };
/* End PBXFileReference section */

/* Begin PBXFrameworksBuildPhase section */
		D4F822462A23BAA4004F9839 /* Frameworks */ = {
			isa = PBXFrameworksBuildPhase;
			buildActionMask = 2147483647;
			files = (
				D4F822932A23CABB004F9839 /* FirebaseAuth in Frameworks */,
				D4F822992A23CABB004F9839 /* FirebaseStorage in Frameworks */,
				D4F822952A23CABB004F9839 /* FirebaseFirestore in Frameworks */,
				D4F822972A23CABB004F9839 /* FirebaseFirestoreSwift in Frameworks */,
			);
			runOnlyForDeploymentPostprocessing = 0;
		};
		D4F822562A23BAA7004F9839 /* Frameworks */ = {
			isa = PBXFrameworksBuildPhase;
			buildActionMask = 2147483647;
			files = (
			);
			runOnlyForDeploymentPostprocessing = 0;
		};
		D4F822602A23BAA7004F9839 /* Frameworks */ = {
			isa = PBXFrameworksBuildPhase;
			buildActionMask = 2147483647;
			files = (
			);
			runOnlyForDeploymentPostprocessing = 0;
		};
/* End PBXFrameworksBuildPhase section */

/* Begin PBXGroup section */
		D4F822402A23BAA4004F9839 = {
			isa = PBXGroup;
			children = (
				D4F8224B2A23BAA5004F9839 /* MoodMovieApp */,
				D4F8225C2A23BAA7004F9839 /* MoodMovieAppTests */,
				D4F822662A23BAA7004F9839 /* MoodMovieAppUITests */,
				D4F8224A2A23BAA5004F9839 /* Products */,
			);
			sourceTree = "<group>";
		};
		D4F8224A2A23BAA5004F9839 /* Products */ = {
			isa = PBXGroup;
			children = (
				D4F822492A23BAA4004F9839 /* MoodMovieApp.app */,
				D4F822592A23BAA7004F9839 /* MoodMovieAppTests.xctest */,
				D4F822632A23BAA7004F9839 /* MoodMovieAppUITests.xctest */,
			);
			name = Products;
			sourceTree = "<group>";
		};
		D4F8224B2A23BAA5004F9839 /* MoodMovieApp */ = {
			isa = PBXGroup;
			children = (
				D4F8228F2A23CA02004F9839 /* GoogleService-Info.plist */,
				D4F822792A23BB3F004F9839 /* Model */,
				D4F822782A23BB36004F9839 /* Core */,
				D4F822772A23BB25004F9839 /* Components */,
				D4F822762A23BB18004F9839 /* App */,
				D4F822502A23BAA7004F9839 /* Assets.xcassets */,
				D4F822522A23BAA7004F9839 /* Preview Content */,
			);
			path = MoodMovieApp;
			sourceTree = "<group>";
		};
		D4F822522A23BAA7004F9839 /* Preview Content */ = {
			isa = PBXGroup;
			children = (
				D4F822532A23BAA7004F9839 /* Preview Assets.xcassets */,
			);
			path = "Preview Content";
			sourceTree = "<group>";
		};
		D4F8225C2A23BAA7004F9839 /* MoodMovieAppTests */ = {
			isa = PBXGroup;
			children = (
				D4F8225D2A23BAA7004F9839 /* MoodMovieAppTests.swift */,
			);
			path = MoodMovieAppTests;
			sourceTree = "<group>";
		};
		D4F822662A23BAA7004F9839 /* MoodMovieAppUITests */ = {
			isa = PBXGroup;
			children = (
				D4F822672A23BAA7004F9839 /* MoodMovieAppUITests.swift */,
				D4F822692A23BAA7004F9839 /* MoodMovieAppUITestsLaunchTests.swift */,
			);
			path = MoodMovieAppUITests;
			sourceTree = "<group>";
		};
		D4F822762A23BB18004F9839 /* App */ = {
			isa = PBXGroup;
			children = (
				D4F8224C2A23BAA5004F9839 /* MoodMovieAppApp.swift */,
			);
			path = App;
			sourceTree = "<group>";
		};
		D4F822772A23BB25004F9839 /* Components */ = {
			isa = PBXGroup;
			children = (
				D4F822832A23BCDD004F9839 /* InputView.swift */,
				D4F8228B2A23C07B004F9839 /* SettingsRowView.swift */,
			);
			path = Components;
			sourceTree = "<group>";
		};
		D4F822782A23BB36004F9839 /* Core */ = {
			isa = PBXGroup;
			children = (
				D4F8227C2A23BB84004F9839 /* Root */,
				D4F8227B2A23BB7C004F9839 /* Profile */,
				D4F8227A2A23BB6C004F9839 /* Authentication */,
			);
			path = Core;
			sourceTree = "<group>";
		};
		D4F822792A23BB3F004F9839 /* Model */ = {
			isa = PBXGroup;
			children = (
				D4F8228D2A23C0D8004F9839 /* User.swift */,
			);
			path = Model;
			sourceTree = "<group>";
		};
		D4F8227A2A23BB6C004F9839 /* Authentication */ = {
			isa = PBXGroup;
			children = (
				D4F8227D2A23BC1A004F9839 /* View */,
				D4F8227E2A23BC25004F9839 /* ViewModel */,
			);
			path = Authentication;
			sourceTree = "<group>";
		};
		D4F8227B2A23BB7C004F9839 /* Profile */ = {
			isa = PBXGroup;
			children = (
				D4F822872A23BF2F004F9839 /* ProfileView.swift */,
			);
			path = Profile;
			sourceTree = "<group>";
		};
		D4F8227C2A23BB84004F9839 /* Root */ = {
			isa = PBXGroup;
			children = (
				D4F8224E2A23BAA5004F9839 /* ContentView.swift */,
			);
			path = Root;
			sourceTree = "<group>";
		};
		D4F8227D2A23BC1A004F9839 /* View */ = {
			isa = PBXGroup;
			children = (
				D4F8227F2A23BC44004F9839 /* LoginView.swift */,
				D4F822852A23BD5F004F9839 /* RegistrationView.swift */,
			);
			path = View;
			sourceTree = "<group>";
		};
		D4F8227E2A23BC25004F9839 /* ViewModel */ = {
			isa = PBXGroup;
			children = (
				D4F822812A23BC7D004F9839 /* AuthViewModel.swift */,
			);
			path = ViewModel;
			sourceTree = "<group>";
		};
/* End PBXGroup section */

/* Begin PBXNativeTarget section */
		D4F822482A23BAA4004F9839 /* MoodMovieApp */ = {
			isa = PBXNativeTarget;
			buildConfigurationList = D4F8226D2A23BAA7004F9839 /* Build configuration list for PBXNativeTarget "MoodMovieApp" */;
			buildPhases = (
				D4F822452A23BAA4004F9839 /* Sources */,
				D4F822462A23BAA4004F9839 /* Frameworks */,
				D4F822472A23BAA4004F9839 /* Resources */,
			);
			buildRules = (
			);
			dependencies = (
			);
			name = MoodMovieApp;
			packageProductDependencies = (
				D4F822922A23CABB004F9839 /* FirebaseAuth */,
				D4F822942A23CABB004F9839 /* FirebaseFirestore */,
				D4F822962A23CABB004F9839 /* FirebaseFirestoreSwift */,
				D4F822982A23CABB004F9839 /* FirebaseStorage */,
			);
			productName = MoodMovieApp;
			productReference = D4F822492A23BAA4004F9839 /* MoodMovieApp.app */;
			productType = "com.apple.product-type.application";
		};
		D4F822582A23BAA7004F9839 /* MoodMovieAppTests */ = {
			isa = PBXNativeTarget;
			buildConfigurationList = D4F822702A23BAA7004F9839 /* Build configuration list for PBXNativeTarget "MoodMovieAppTests" */;
			buildPhases = (
				D4F822552A23BAA7004F9839 /* Sources */,
				D4F822562A23BAA7004F9839 /* Frameworks */,
				D4F822572A23BAA7004F9839 /* Resources */,
			);
			buildRules = (
			);
			dependencies = (
				D4F8225B2A23BAA7004F9839 /* PBXTargetDependency */,
			);
			name = MoodMovieAppTests;
			productName = MoodMovieAppTests;
			productReference = D4F822592A23BAA7004F9839 /* MoodMovieAppTests.xctest */;
			productType = "com.apple.product-type.bundle.unit-test";
		};
		D4F822622A23BAA7004F9839 /* MoodMovieAppUITests */ = {
			isa = PBXNativeTarget;
			buildConfigurationList = D4F822732A23BAA7004F9839 /* Build configuration list for PBXNativeTarget "MoodMovieAppUITests" */;
			buildPhases = (
				D4F8225F2A23BAA7004F9839 /* Sources */,
				D4F822602A23BAA7004F9839 /* Frameworks */,
				D4F822612A23BAA7004F9839 /* Resources */,
			);
			buildRules = (
			);
			dependencies = (
				D4F822652A23BAA7004F9839 /* PBXTargetDependency */,
			);
			name = MoodMovieAppUITests;
			productName = MoodMovieAppUITests;
			productReference = D4F822632A23BAA7004F9839 /* MoodMovieAppUITests.xctest */;
			productType = "com.apple.product-type.bundle.ui-testing";
		};
/* End PBXNativeTarget section */

/* Begin PBXProject section */
		D4F822412A23BAA4004F9839 /* Project object */ = {
			isa = PBXProject;
			attributes = {
				BuildIndependentTargetsInParallel = 1;
				LastSwiftUpdateCheck = 1430;
				LastUpgradeCheck = 1430;
				TargetAttributes = {
					D4F822482A23BAA4004F9839 = {
						CreatedOnToolsVersion = 14.3;
					};
					D4F822582A23BAA7004F9839 = {
						CreatedOnToolsVersion = 14.3;
						TestTargetID = D4F822482A23BAA4004F9839;
					};
					D4F822622A23BAA7004F9839 = {
						CreatedOnToolsVersion = 14.3;
						TestTargetID = D4F822482A23BAA4004F9839;
					};
				};
			};
			buildConfigurationList = D4F822442A23BAA4004F9839 /* Build configuration list for PBXProject "MoodMovieApp" */;
			compatibilityVersion = "Xcode 14.0";
			developmentRegion = en;
			hasScannedForEncodings = 0;
			knownRegions = (
				en,
				Base,
			);
			mainGroup = D4F822402A23BAA4004F9839;
			packageReferences = (
				D4F822912A23CABB004F9839 /* XCRemoteSwiftPackageReference "firebase-ios-sdk" */,
			);
			productRefGroup = D4F8224A2A23BAA5004F9839 /* Products */;
			projectDirPath = "";
			projectRoot = "";
			targets = (
				D4F822482A23BAA4004F9839 /* MoodMovieApp */,
				D4F822582A23BAA7004F9839 /* MoodMovieAppTests */,
				D4F822622A23BAA7004F9839 /* MoodMovieAppUITests */,
			);
		};
/* End PBXProject section */

/* Begin PBXResourcesBuildPhase section */
		D4F822472A23BAA4004F9839 /* Resources */ = {
			isa = PBXResourcesBuildPhase;
			buildActionMask = 2147483647;
			files = (
				D4F822542A23BAA7004F9839 /* Preview Assets.xcassets in Resources */,
				D4F822512A23BAA7004F9839 /* Assets.xcassets in Resources */,
				D4F822902A23CA03004F9839 /* GoogleService-Info.plist in Resources */,
			);
			runOnlyForDeploymentPostprocessing = 0;
		};
		D4F822572A23BAA7004F9839 /* Resources */ = {
			isa = PBXResourcesBuildPhase;
			buildActionMask = 2147483647;
			files = (
			);
			runOnlyForDeploymentPostprocessing = 0;
		};
		D4F822612A23BAA7004F9839 /* Resources */ = {
			isa = PBXResourcesBuildPhase;
			buildActionMask = 2147483647;
			files = (
			);
			runOnlyForDeploymentPostprocessing = 0;
		};
/* End PBXResourcesBuildPhase section */

/* Begin PBXSourcesBuildPhase section */
		D4F822452A23BAA4004F9839 /* Sources */ = {
			isa = PBXSourcesBuildPhase;
			buildActionMask = 2147483647;
			files = (
				D4F822822A23BC7D004F9839 /* AuthViewModel.swift in Sources */,
				D4F822802A23BC44004F9839 /* LoginView.swift in Sources */,
				D4F822842A23BCDD004F9839 /* InputView.swift in Sources */,
				D4F822862A23BD5F004F9839 /* RegistrationView.swift in Sources */,
				D4F8228C2A23C07B004F9839 /* SettingsRowView.swift in Sources */,
				D4F8228E2A23C0D8004F9839 /* User.swift in Sources */,
				D4F8224F2A23BAA5004F9839 /* ContentView.swift in Sources */,
				D4F822882A23BF2F004F9839 /* ProfileView.swift in Sources */,
				D4F8224D2A23BAA5004F9839 /* MoodMovieAppApp.swift in Sources */,
			);
			runOnlyForDeploymentPostprocessing = 0;
		};
		D4F822552A23BAA7004F9839 /* Sources */ = {
			isa = PBXSourcesBuildPhase;
			buildActionMask = 2147483647;
			files = (
				D4F8225E2A23BAA7004F9839 /* MoodMovieAppTests.swift in Sources */,
			);
			runOnlyForDeploymentPostprocessing = 0;
		};
		D4F8225F2A23BAA7004F9839 /* Sources */ = {
			isa = PBXSourcesBuildPhase;
			buildActionMask = 2147483647;
			files = (
				D4F8226A2A23BAA7004F9839 /* MoodMovieAppUITestsLaunchTests.swift in Sources */,
				D4F822682A23BAA7004F9839 /* MoodMovieAppUITests.swift in Sources */,
			);
			runOnlyForDeploymentPostprocessing = 0;
		};
/* End PBXSourcesBuildPhase section */

/* Begin PBXTargetDependency section */
		D4F8225B2A23BAA7004F9839 /* PBXTargetDependency */ = {
			isa = PBXTargetDependency;
			target = D4F822482A23BAA4004F9839 /* MoodMovieApp */;
			targetProxy = D4F8225A2A23BAA7004F9839 /* PBXContainerItemProxy */;
		};
		D4F822652A23BAA7004F9839 /* PBXTargetDependency */ = {
			isa = PBXTargetDependency;
			target = D4F822482A23BAA4004F9839 /* MoodMovieApp */;
			targetProxy = D4F822642A23BAA7004F9839 /* PBXContainerItemProxy */;
		};
/* End PBXTargetDependency section */

/* Begin XCBuildConfiguration section */
		D4F8226B2A23BAA7004F9839 /* Debug */ = {
			isa = XCBuildConfiguration;
			buildSettings = {
				ALWAYS_SEARCH_USER_PATHS = NO;
				CLANG_ANALYZER_NONNULL = YES;
				CLANG_ANALYZER_NUMBER_OBJECT_CONVERSION = YES_AGGRESSIVE;
				CLANG_CXX_LANGUAGE_STANDARD = "gnu++20";
				CLANG_ENABLE_MODULES = YES;
				CLANG_ENABLE_OBJC_ARC = YES;
				CLANG_ENABLE_OBJC_WEAK = YES;
				CLANG_WARN_BLOCK_CAPTURE_AUTORELEASING = YES;
				CLANG_WARN_BOOL_CONVERSION = YES;
				CLANG_WARN_COMMA = YES;
				CLANG_WARN_CONSTANT_CONVERSION = YES;
				CLANG_WARN_DEPRECATED_OBJC_IMPLEMENTATIONS = YES;
				CLANG_WARN_DIRECT_OBJC_ISA_USAGE = YES_ERROR;
				CLANG_WARN_DOCUMENTATION_COMMENTS = YES;
				CLANG_WARN_EMPTY_BODY = YES;
				CLANG_WARN_ENUM_CONVERSION = YES;
				CLANG_WARN_INFINITE_RECURSION = YES;
				CLANG_WARN_INT_CONVERSION = YES;
				CLANG_WARN_NON_LITERAL_NULL_CONVERSION = YES;
				CLANG_WARN_OBJC_IMPLICIT_RETAIN_SELF = YES;
				CLANG_WARN_OBJC_LITERAL_CONVERSION = YES;
				CLANG_WARN_OBJC_ROOT_CLASS = YES_ERROR;
				CLANG_WARN_QUOTED_INCLUDE_IN_FRAMEWORK_HEADER = YES;
				CLANG_WARN_RANGE_LOOP_ANALYSIS = YES;
				CLANG_WARN_STRICT_PROTOTYPES = YES;
				CLANG_WARN_SUSPICIOUS_MOVE = YES;
				CLANG_WARN_UNGUARDED_AVAILABILITY = YES_AGGRESSIVE;
				CLANG_WARN_UNREACHABLE_CODE = YES;
				CLANG_WARN__DUPLICATE_METHOD_MATCH = YES;
				COPY_PHASE_STRIP = NO;
				DEBUG_INFORMATION_FORMAT = dwarf;
				ENABLE_STRICT_OBJC_MSGSEND = YES;
				ENABLE_TESTABILITY = YES;
				GCC_C_LANGUAGE_STANDARD = gnu11;
				GCC_DYNAMIC_NO_PIC = NO;
				GCC_NO_COMMON_BLOCKS = YES;
				GCC_OPTIMIZATION_LEVEL = 0;
				GCC_PREPROCESSOR_DEFINITIONS = (
					"DEBUG=1",
					"$(inherited)",
				);
				GCC_WARN_64_TO_32_BIT_CONVERSION = YES;
				GCC_WARN_ABOUT_RETURN_TYPE = YES_ERROR;
				GCC_WARN_UNDECLARED_SELECTOR = YES;
				GCC_WARN_UNINITIALIZED_AUTOS = YES_AGGRESSIVE;
				GCC_WARN_UNUSED_FUNCTION = YES;
				GCC_WARN_UNUSED_VARIABLE = YES;
				IPHONEOS_DEPLOYMENT_TARGET = 16.4;
				MTL_ENABLE_DEBUG_INFO = INCLUDE_SOURCE;
				MTL_FAST_MATH = YES;
				ONLY_ACTIVE_ARCH = YES;
				SDKROOT = iphoneos;
				SWIFT_ACTIVE_COMPILATION_CONDITIONS = DEBUG;
				SWIFT_OPTIMIZATION_LEVEL = "-Onone";
			};
			name = Debug;
		};
		D4F8226C2A23BAA7004F9839 /* Release */ = {
			isa = XCBuildConfiguration;
			buildSettings = {
				ALWAYS_SEARCH_USER_PATHS = NO;
				CLANG_ANALYZER_NONNULL = YES;
				CLANG_ANALYZER_NUMBER_OBJECT_CONVERSION = YES_AGGRESSIVE;
				CLANG_CXX_LANGUAGE_STANDARD = "gnu++20";
				CLANG_ENABLE_MODULES = YES;
				CLANG_ENABLE_OBJC_ARC = YES;
				CLANG_ENABLE_OBJC_WEAK = YES;
				CLANG_WARN_BLOCK_CAPTURE_AUTORELEASING = YES;
				CLANG_WARN_BOOL_CONVERSION = YES;
				CLANG_WARN_COMMA = YES;
				CLANG_WARN_CONSTANT_CONVERSION = YES;
				CLANG_WARN_DEPRECATED_OBJC_IMPLEMENTATIONS = YES;
				CLANG_WARN_DIRECT_OBJC_ISA_USAGE = YES_ERROR;
				CLANG_WARN_DOCUMENTATION_COMMENTS = YES;
				CLANG_WARN_EMPTY_BODY = YES;
				CLANG_WARN_ENUM_CONVERSION = YES;
				CLANG_WARN_INFINITE_RECURSION = YES;
				CLANG_WARN_INT_CONVERSION = YES;
				CLANG_WARN_NON_LITERAL_NULL_CONVERSION = YES;
				CLANG_WARN_OBJC_IMPLICIT_RETAIN_SELF = YES;
				CLANG_WARN_OBJC_LITERAL_CONVERSION = YES;
				CLANG_WARN_OBJC_ROOT_CLASS = YES_ERROR;
				CLANG_WARN_QUOTED_INCLUDE_IN_FRAMEWORK_HEADER = YES;
				CLANG_WARN_RANGE_LOOP_ANALYSIS = YES;
				CLANG_WARN_STRICT_PROTOTYPES = YES;
				CLANG_WARN_SUSPICIOUS_MOVE = YES;
				CLANG_WARN_UNGUARDED_AVAILABILITY = YES_AGGRESSIVE;
				CLANG_WARN_UNREACHABLE_CODE = YES;
				CLANG_WARN__DUPLICATE_METHOD_MATCH = YES;
				COPY_PHASE_STRIP = NO;
				DEBUG_INFORMATION_FORMAT = "dwarf-with-dsym";
				ENABLE_NS_ASSERTIONS = NO;
				ENABLE_STRICT_OBJC_MSGSEND = YES;
				GCC_C_LANGUAGE_STANDARD = gnu11;
				GCC_NO_COMMON_BLOCKS = YES;
				GCC_WARN_64_TO_32_BIT_CONVERSION = YES;
				GCC_WARN_ABOUT_RETURN_TYPE = YES_ERROR;
				GCC_WARN_UNDECLARED_SELECTOR = YES;
				GCC_WARN_UNINITIALIZED_AUTOS = YES_AGGRESSIVE;
				GCC_WARN_UNUSED_FUNCTION = YES;
				GCC_WARN_UNUSED_VARIABLE = YES;
				IPHONEOS_DEPLOYMENT_TARGET = 16.4;
				MTL_ENABLE_DEBUG_INFO = NO;
				MTL_FAST_MATH = YES;
				SDKROOT = iphoneos;
				SWIFT_COMPILATION_MODE = wholemodule;
				SWIFT_OPTIMIZATION_LEVEL = "-O";
				VALIDATE_PRODUCT = YES;
			};
			name = Release;
		};
		D4F8226E2A23BAA7004F9839 /* Debug */ = {
			isa = XCBuildConfiguration;
			buildSettings = {
				ASSETCATALOG_COMPILER_APPICON_NAME = AppIcon;
				ASSETCATALOG_COMPILER_GLOBAL_ACCENT_COLOR_NAME = AccentColor;
				CODE_SIGN_STYLE = Automatic;
				CURRENT_PROJECT_VERSION = 1;
				DEVELOPMENT_ASSET_PATHS = "\"MoodMovieApp/Preview Content\"";
				ENABLE_PREVIEWS = YES;
				GENERATE_INFOPLIST_FILE = YES;
				INFOPLIST_KEY_UIApplicationSceneManifest_Generation = YES;
				INFOPLIST_KEY_UIApplicationSupportsIndirectInputEvents = YES;
				INFOPLIST_KEY_UILaunchScreen_Generation = YES;
				INFOPLIST_KEY_UISupportedInterfaceOrientations_iPad = "UIInterfaceOrientationPortrait UIInterfaceOrientationPortraitUpsideDown UIInterfaceOrientationLandscapeLeft UIInterfaceOrientationLandscapeRight";
				INFOPLIST_KEY_UISupportedInterfaceOrientations_iPhone = "UIInterfaceOrientationPortrait UIInterfaceOrientationLandscapeLeft UIInterfaceOrientationLandscapeRight";
				LD_RUNPATH_SEARCH_PATHS = (
					"$(inherited)",
					"@executable_path/Frameworks",
				);
				MARKETING_VERSION = 1.0;
				PRODUCT_BUNDLE_IDENTIFIER = com.ma.MoodMovieApp;
				PRODUCT_NAME = "$(TARGET_NAME)";
				SWIFT_EMIT_LOC_STRINGS = YES;
				SWIFT_VERSION = 5.0;
				TARGETED_DEVICE_FAMILY = "1,2";
			};
			name = Debug;
		};
		D4F8226F2A23BAA7004F9839 /* Release */ = {
			isa = XCBuildConfiguration;
			buildSettings = {
				ASSETCATALOG_COMPILER_APPICON_NAME = AppIcon;
				ASSETCATALOG_COMPILER_GLOBAL_ACCENT_COLOR_NAME = AccentColor;
				CODE_SIGN_STYLE = Automatic;
				CURRENT_PROJECT_VERSION = 1;
				DEVELOPMENT_ASSET_PATHS = "\"MoodMovieApp/Preview Content\"";
				ENABLE_PREVIEWS = YES;
				GENERATE_INFOPLIST_FILE = YES;
				INFOPLIST_KEY_UIApplicationSceneManifest_Generation = YES;
				INFOPLIST_KEY_UIApplicationSupportsIndirectInputEvents = YES;
				INFOPLIST_KEY_UILaunchScreen_Generation = YES;
				INFOPLIST_KEY_UISupportedInterfaceOrientations_iPad = "UIInterfaceOrientationPortrait UIInterfaceOrientationPortraitUpsideDown UIInterfaceOrientationLandscapeLeft UIInterfaceOrientationLandscapeRight";
				INFOPLIST_KEY_UISupportedInterfaceOrientations_iPhone = "UIInterfaceOrientationPortrait UIInterfaceOrientationLandscapeLeft UIInterfaceOrientationLandscapeRight";
				LD_RUNPATH_SEARCH_PATHS = (
					"$(inherited)",
					"@executable_path/Frameworks",
				);
				MARKETING_VERSION = 1.0;
				PRODUCT_BUNDLE_IDENTIFIER = com.ma.MoodMovieApp;
				PRODUCT_NAME = "$(TARGET_NAME)";
				SWIFT_EMIT_LOC_STRINGS = YES;
				SWIFT_VERSION = 5.0;
				TARGETED_DEVICE_FAMILY = "1,2";
			};
			name = Release;
		};
		D4F822712A23BAA7004F9839 /* Debug */ = {
			isa = XCBuildConfiguration;
			buildSettings = {
				ALWAYS_EMBED_SWIFT_STANDARD_LIBRARIES = YES;
				BUNDLE_LOADER = "$(TEST_HOST)";
				CODE_SIGN_STYLE = Automatic;
				CURRENT_PROJECT_VERSION = 1;
				GENERATE_INFOPLIST_FILE = YES;
				IPHONEOS_DEPLOYMENT_TARGET = 16.4;
				MARKETING_VERSION = 1.0;
				PRODUCT_BUNDLE_IDENTIFIER = com.ma.MoodMovieAppTests;
				PRODUCT_NAME = "$(TARGET_NAME)";
				SWIFT_EMIT_LOC_STRINGS = NO;
				SWIFT_VERSION = 5.0;
				TARGETED_DEVICE_FAMILY = "1,2";
				TEST_HOST = "$(BUILT_PRODUCTS_DIR)/MoodMovieApp.app/$(BUNDLE_EXECUTABLE_FOLDER_PATH)/MoodMovieApp";
			};
			name = Debug;
		};
		D4F822722A23BAA7004F9839 /* Release */ = {
			isa = XCBuildConfiguration;
			buildSettings = {
				ALWAYS_EMBED_SWIFT_STANDARD_LIBRARIES = YES;
				BUNDLE_LOADER = "$(TEST_HOST)";
				CODE_SIGN_STYLE = Automatic;
				CURRENT_PROJECT_VERSION = 1;
				GENERATE_INFOPLIST_FILE = YES;
				IPHONEOS_DEPLOYMENT_TARGET = 16.4;
				MARKETING_VERSION = 1.0;
				PRODUCT_BUNDLE_IDENTIFIER = com.ma.MoodMovieAppTests;
				PRODUCT_NAME = "$(TARGET_NAME)";
				SWIFT_EMIT_LOC_STRINGS = NO;
				SWIFT_VERSION = 5.0;
				TARGETED_DEVICE_FAMILY = "1,2";
				TEST_HOST = "$(BUILT_PRODUCTS_DIR)/MoodMovieApp.app/$(BUNDLE_EXECUTABLE_FOLDER_PATH)/MoodMovieApp";
			};
			name = Release;
		};
		D4F822742A23BAA7004F9839 /* Debug */ = {
			isa = XCBuildConfiguration;
			buildSettings = {
				ALWAYS_EMBED_SWIFT_STANDARD_LIBRARIES = YES;
				CODE_SIGN_STYLE = Automatic;
				CURRENT_PROJECT_VERSION = 1;
				GENERATE_INFOPLIST_FILE = YES;
				MARKETING_VERSION = 1.0;
				PRODUCT_BUNDLE_IDENTIFIER = com.ma.MoodMovieAppUITests;
				PRODUCT_NAME = "$(TARGET_NAME)";
				SWIFT_EMIT_LOC_STRINGS = NO;
				SWIFT_VERSION = 5.0;
				TARGETED_DEVICE_FAMILY = "1,2";
				TEST_TARGET_NAME = MoodMovieApp;
			};
			name = Debug;
		};
		D4F822752A23BAA7004F9839 /* Release */ = {
			isa = XCBuildConfiguration;
			buildSettings = {
				ALWAYS_EMBED_SWIFT_STANDARD_LIBRARIES = YES;
				CODE_SIGN_STYLE = Automatic;
				CURRENT_PROJECT_VERSION = 1;
				GENERATE_INFOPLIST_FILE = YES;
				MARKETING_VERSION = 1.0;
				PRODUCT_BUNDLE_IDENTIFIER = com.ma.MoodMovieAppUITests;
				PRODUCT_NAME = "$(TARGET_NAME)";
				SWIFT_EMIT_LOC_STRINGS = NO;
				SWIFT_VERSION = 5.0;
				TARGETED_DEVICE_FAMILY = "1,2";
				TEST_TARGET_NAME = MoodMovieApp;
			};
			name = Release;
		};
/* End XCBuildConfiguration section */

/* Begin XCConfigurationList section */
		D4F822442A23BAA4004F9839 /* Build configuration list for PBXProject "MoodMovieApp" */ = {
			isa = XCConfigurationList;
			buildConfigurations = (
				D4F8226B2A23BAA7004F9839 /* Debug */,
				D4F8226C2A23BAA7004F9839 /* Release */,
			);
			defaultConfigurationIsVisible = 0;
			defaultConfigurationName = Release;
		};
		D4F8226D2A23BAA7004F9839 /* Build configuration list for PBXNativeTarget "MoodMovieApp" */ = {
			isa = XCConfigurationList;
			buildConfigurations = (
				D4F8226E2A23BAA7004F9839 /* Debug */,
				D4F8226F2A23BAA7004F9839 /* Release */,
			);
			defaultConfigurationIsVisible = 0;
			defaultConfigurationName = Release;
		};
		D4F822702A23BAA7004F9839 /* Build configuration list for PBXNativeTarget "MoodMovieAppTests" */ = {
			isa = XCConfigurationList;
			buildConfigurations = (
				D4F822712A23BAA7004F9839 /* Debug */,
				D4F822722A23BAA7004F9839 /* Release */,
			);
			defaultConfigurationIsVisible = 0;
			defaultConfigurationName = Release;
		};
		D4F822732A23BAA7004F9839 /* Build configuration list for PBXNativeTarget "MoodMovieAppUITests" */ = {
			isa = XCConfigurationList;
			buildConfigurations = (
				D4F822742A23BAA7004F9839 /* Debug */,
				D4F822752A23BAA7004F9839 /* Release */,
			);
			defaultConfigurationIsVisible = 0;
			defaultConfigurationName = Release;
		};
/* End XCConfigurationList section */

/* Begin XCRemoteSwiftPackageReference section */
		D4F822912A23CABB004F9839 /* XCRemoteSwiftPackageReference "firebase-ios-sdk" */ = {
			isa = XCRemoteSwiftPackageReference;
			repositoryURL = "https://github.com/firebase/firebase-ios-sdk";
			requirement = {
				kind = upToNextMajorVersion;
				minimumVersion = 10.0.0;
			};
		};
/* End XCRemoteSwiftPackageReference section */

/* Begin XCSwiftPackageProductDependency section */
		D4F822922A23CABB004F9839 /* FirebaseAuth */ = {
			isa = XCSwiftPackageProductDependency;
			package = D4F822912A23CABB004F9839 /* XCRemoteSwiftPackageReference "firebase-ios-sdk" */;
			productName = FirebaseAuth;
		};
		D4F822942A23CABB004F9839 /* FirebaseFirestore */ = {
			isa = XCSwiftPackageProductDependency;
			package = D4F822912A23CABB004F9839 /* XCRemoteSwiftPackageReference "firebase-ios-sdk" */;
			productName = FirebaseFirestore;
		};
		D4F822962A23CABB004F9839 /* FirebaseFirestoreSwift */ = {
			isa = XCSwiftPackageProductDependency;
			package = D4F822912A23CABB004F9839 /* XCRemoteSwiftPackageReference "firebase-ios-sdk" */;
			productName = FirebaseFirestoreSwift;
		};
		D4F822982A23CABB004F9839 /* FirebaseStorage */ = {
			isa = XCSwiftPackageProductDependency;
			package = D4F822912A23CABB004F9839 /* XCRemoteSwiftPackageReference "firebase-ios-sdk" */;
			productName = FirebaseStorage;
		};
/* End XCSwiftPackageProductDependency section */
	};
	rootObject = D4F822412A23BAA4004F9839 /* Project object */;
}
